{
  "name": "australian-accounting-power-bi-tools",
  "lockfileVersion": 3,
  "requires": true,
  "packages": {
    "": {
      "name": "australian-accounting-power-bi-tools",
      "dependencies": {
        "@microsoft/powerbi-report-authoring-cli": "0.4.0"
      }
    },
    "node_modules/@microsoft/powerbi-core-visual-schema": {
      "version": "0.1.1",
      "resolved": "https://registry.npmjs.org/@microsoft/powerbi-core-visual-schema/-/powerbi-core-visual-schema-0.1.1.tgz",
      "integrity": "sha512-B318sRMjJ8Cn2LKzUmcmvl2Oplr4uOsFPh2MJFQV0Y1UzsdvJjt/Rg+mYKZXK3QtztUvu0BsuAlCMmJDihjCfg==",
      "license": "MIT",
      "engines": {
        "node": ">=20.10.0"
      }
    },
    "node_modules/@microsoft/powerbi-desktop-bridge-cli": {
      "version": "1.0.0",
      "resolved": "https://registry.npmjs.org/@microsoft/powerbi-desktop-bridge-cli/-/powerbi-desktop-bridge-cli-1.0.0.tgz",
      "integrity": "sha512-hDkGzJIrHYucbL7I14MYKS8p4ZE3Vq9kiCJdK9S0uEs+85RZpZc66vjWgZJcOKf600IFpL5p30JiXGzL64jlJw==",
      "license": "MIT",
      "dependencies": {
        "commander": "^13.0.0",
        "vscode-jsonrpc": "8.2.1"
      },
      "bin": {
        "powerbi-desktop": "dist/cli.js"
      },
      "engines": {
        "node": ">=20"
      }
    },
    "node_modules/@microsoft/powerbi-report-authoring-cli": {
      "version": "0.4.0",
      "resolved": "https://registry.npmjs.org/@microsoft/powerbi-report-authoring-cli/-/powerbi-report-authoring-cli-0.4.0.tgz",
      "integrity": "sha512-B+Fke6TBqCuQTGBBowmQWM0hTjxJQGpjBuFD9/dQUgwlI5jajunWOd59QA1nnEkOS2F0zMFZdtjR46Ji+Qvvzw==",
      "license": "MIT",
      "dependencies": {
        "@microsoft/powerbi-core-visual-schema": ">=0.1.0 <1.0.0",
        "@microsoft/powerbi-desktop-bridge-cli": "^1.0.0",
        "ajv": "^8.18.0",
        "ajv-formats": "^3.0.1",
        "commander": "^13.0.0",
        "playwright": "^1.48.0",
        "powerbi-client": "^2.23.1"
      },
      "bin": {
        "powerbi-report-author": "dist/cli.js"
      },
      "engines": {
        "node": ">=20"
      }
    },
    "node_modules/ajv": {
      "version": "8.20.0",
      "resolved": "https://registry.npmjs.org/ajv/-/ajv-8.20.0.tgz",
      "integrity": "sha512-Thbli+OlOj+iMPYFBVBfJ3OmCAnaSyNn4M1vz9T6Gka5Jt9ba/HIR56joy65tY6kx/FCF5VXNB819Y7/GUrBGA==",
      "license": "MIT",
      "dependencies": {
        "fast-deep-equal": "^3.1.3",
        "fast-uri": "^3.0.1",
        "json-schema-traverse": "^1.0.0",
        "require-from-string": "^2.0.2"
      },
      "funding": {
        "type": "github",
        "url": "https://github.com/sponsors/epoberezkin"
      }
    },
    "node_modules/ajv-formats": {
      "version": "3.0.1",
      "resolved": "https://registry.npmjs.org/ajv-formats/-/ajv-formats-3.0.1.tgz",
      "integrity": "sha512-8iUql50EUR+uUcdRQ3HDqa6EVyo3docL8g5WJ3FNcWmu62IbkGUue/pEyLBW8VGKKucTPgqeks4fIU1DA4yowQ==",
      "license": "MIT",
      "dependencies": {
        "ajv": "^8.0.0"
      },
      "peerDependencies": {
        "ajv": "^8.0.0"
      },
      "peerDependenciesMeta": {
        "ajv": {
          "optional": true
        }
      }
    },
    "node_modules/commander": {
      "version": "13.1.0",
      "resolved": "https://registry.npmjs.org/commander/-/commander-13.1.0.tgz",
      "integrity": "sha512-/rFeCpNJQbhSZjGVwO9RFV3xPqbnERS8MmIQzCtD/zl6gpJuV/bMLuN92oG3F7d8oDEHHRrujSXNUr8fpjntKw==",
      "license": "MIT",
      "engines": {
        "node": ">=18"
      }
    },
    "node_modules/es6-promise": {
      "version": "3.3.1",
      "resolved": "https://registry.npmjs.org/es6-promise/-/es6-promise-3.3.1.tgz",
      "integrity": "sha512-SOp9Phqvqn7jtEUxPWdWfWoLmyt2VaJ6MpvP9Comy1MceMXqE6bxvaTu4iaxpYYPzhny28Lc+M87/c2cPK6lDg==",
      "license": "MIT"
    },
    "node_modules/fast-deep-equal": {
      "version": "3.1.3",
      "resolved": "https://registry.npmjs.org/fast-deep-equal/-/fast-deep-equal-3.1.3.tgz",
      "integrity": "sha512-f3qQ9oQy9j2AhBe/H9VC91wLmKBCCU/gDOnKNAYG5hswO7BLKj09Hc5HYNz9cGI++xlpDCIgDaitVs03ATR84Q==",
      "license": "MIT"
    },
    "node_modules/fast-uri": {
      "version": "3.1.8",
      "resolved": "https://registry.npmjs.org/fast-uri/-/fast-uri-3.1.8.tgz",
      "integrity": "sha512-GZMtZUTNRpOVIECoXwLNZS5xUGE+mVNbTB8h/7Rwh2TFWcBQiPzTgyZi05BF9UMZKkLJv8XBRJTlU7zg8+ZfMg==",
      "funding": [
        {
          "type": "github",
          "url": "https://github.com/sponsors/fastify"
        },
        {
          "type": "opencollective",
          "url": "https://opencollective.com/fastify"
        }
      ],
      "license": "BSD-3-Clause"
    },
    "node_modules/http-post-message": {
      "version": "0.3.0",
      "resolved": "https://registry.npmjs.org/http-post-message/-/http-post-message-0.3.0.tgz",
      "integrity": "sha512-tfn1ca5RcRKdejbFanY2ydN4pXB+youdgtNz1GSKtWvzbaf63sGQWyRjo5bnqlebTjG85wY0GUADDD0tAVpmkQ==",
      "license": "MIT",
      "dependencies": {
        "es6-promise": "^3.2.1"
      }
    },
    "node_modules/json-schema-traverse": {
      "version": "1.0.0",
      "resolved": "https://registry.npmjs.org/json-schema-traverse/-/json-schema-traverse-1.0.0.tgz",
      "integrity": "sha512-NM8/P9n3XjXhIZn1lLhkFaACTOURQXjWhV4BA/RnOv8xvgqtqpAX9IO4mRQxSx1Rlo4tqzeqb0sOlruaOy3dug==",
      "license": "MIT"
    },
    "node_modules/playwright": {
      "version": "1.63.0",
      "resolved": "https://registry.npmjs.org/playwright/-/playwright-1.63.0.tgz",
      "integrity": "sha512-+7ziBLidS4NaNCdt57SUDT+wYmmd5fmiQejUic/kb+YsYSCPyOOE9sebzMjNmQrsnNpDJqd4WHvV/8lfKfUDUg==",
      "license": "Apache-2.0",
      "dependencies": {
        "playwright-core": "1.63.0"
      },
      "bin": {
        "playwright": "cli.js"
      },
      "engines": {
        "node": ">=20"
      }
    },
    "node_modules/playwright-core": {
      "version": "1.63.0",
      "resolved": "https://registry.npmjs.org/playwright-core/-/playwright-core-1.63.0.tgz",
      "integrity": "sha512-rYCsBF/M5HjUch52bbtVONEFjv6Xu8sm8h72dNlR5bzIE1fvC/bxgspzkjSfU+MweEMmPM8KJebG6nnyxo5mCg==",
      "license": "Apache-2.0",
      "bin": {
        "playwright-core": "cli.js"
      },
      "engines": {
        "node": ">=20"
      }
    },
    "node_modules/powerbi-client": {
      "version": "2.25.0",
      "resolved": "https://registry.npmjs.org/powerbi-client/-/powerbi-client-2.25.0.tgz",
      "integrity": "sha512-h6jMorFGRiptWiuJ8O0ZCavLf3d1IaBdxEFP34YTx830yiUPnOJWGJrUbdY0fnyAPFO3GJz1BhqjkN9Q3CB7hg==",
      "license": "MIT",
      "dependencies": {
        "http-post-message": "^0.3.0",
        "powerbi-models": "^2.2.0",
        "powerbi-router": "^0.1",
        "window-post-message-proxy": "^0.3.0"
      }
    },
    "node_modules/powerbi-models": {
      "version": "2.2.0",
      "resolved": "https://registry.npmjs.org/powerbi-models/-/powerbi-models-2.2.0.tgz",
      "integrity": "sha512-L8HcBLQQP1+y1382jnf6RoC6OtOB25TCdDpEkLTXeg4d2Uku8cUUVG0b8JyZ3j5yATohFBuj8oWstkQoCJJvoA==",
      "license": "MIT"
    },
    "node_modules/powerbi-router": {
      "version": "0.1.5",
      "resolved": "https://registry.npmjs.org/powerbi-router/-/powerbi-router-0.1.5.tgz",
      "integrity": "sha512-DFJCKxwh/DqMZXtHSo6xZl87mbRviZGn4P7Oi2rT0L4HMI4AjnWIrwg0JCSM7ymBzYnNe5UmrsCaf2Upur5RQA==",
      "license": "MIT",
      "dependencies": {
        "es6-promise": "^3.2.1",
        "route-recognizer": "^0.1.11"
      }
    },
    "node_modules/require-from-string": {
      "version": "2.0.2",
      "resolved": "https://registry.npmjs.org/require-from-string/-/require-from-string-2.0.2.tgz",
      "integrity": "sha512-Xf0nWe6RseziFMu+Ap9biiUbmplq6S9/p+7w7YXP/JBHhrUDDUhwa+vANyubuqfZWTveU//DYVGsDG7RKL/vEw==",
      "license": "MIT",
      "engines": {
        "node": ">=0.10.0"
      }
    },
    "node_modules/route-recognizer": {
      "version": "0.1.11",
      "resolved": "https://registry.npmjs.org/route-recognizer/-/route-recognizer-0.1.11.tgz",
      "integrity": "sha512-7JNu5mXQVa39zxmUKyk/bfpeF2WyEC5JKVTJO5HATcoUQpcQsI3eLzhwGU69xeOagQxfOQ+yr2sSv0G8xy+vQA==",
      "license": "MIT"
    },
    "node_modules/vscode-jsonrpc": {
      "version": "8.2.1",
      "resolved": "https://registry.npmjs.org/vscode-jsonrpc/-/vscode-jsonrpc-8.2.1.tgz",
      "integrity": "sha512-kdjOSJ2lLIn7r1rtrMbbNCHjyMPfRnowdKjBQ+mGq6NAW5QY2bEZC/khaC5OR8svbbjvLEaIXkOq45e2X9BIbQ==",
      "license": "MIT",
      "engines": {
        "node": ">=14.0.0"
      }
    },
    "node_modules/window-post-message-proxy": {
      "version": "0.3.0",
      "resolved": "https://registry.npmjs.org/window-post-message-proxy/-/window-post-message-proxy-0.3.0.tgz",
      "integrity": "sha512-dEpItkLX97djHvWzcbVmyelEPoq2Oglx2y5EYt+mCC0bwKvwbtE3ro3Zsg9heHAUir/3dHUBtV2Rr8DQQjwyPg==",
      "license": "MIT",
      "dependencies": {
        "es6-promise": "^3.1.2"
      }
    }
  }
}
